{
  "object": {
    "pins": [
      {
        "package": "RavelinCore",
        "repositoryURL": "git@github.com:unravelin/ravelin-core-ios-xcframework-distribution.git",
        "state": {
          "branch": null,
          "revision": "e00d9805939c74863020f20048f9f6d9bde36f55",
          "version": "1.1.1"
        }
      },
      {
        "package": "RavelinEncrypt",
        "repositoryURL": "git@github.com:unravelin/ravelin-encrypt-ios-xcframework-distribution.git",
        "state": {
          "branch": null,
          "revision": "92799d81e6856c41903573a507ebab5a58125ccf",
          "version": "1.1.1"
        }
      }
    ]
  },
  "version": 1
}
