{
  "object": {
    "pins": [
      {
        "package": "RavelinCore",
        "repositoryURL": "git@github.com:unravelin/ravelin-core-ios-xcframework-distribution.git",
        "state": {
          "branch": null,
          "revision": "a1803f1fa9ec9278ed035c0108a39d1a0c9ac391",
          "version": "1.1.0"
        }
      },
      {
        "package": "RavelinEncrypt",
        "repositoryURL": "git@github.com:unravelin/ravelin-encrypt-ios-xcframework-distribution.git",
        "state": {
          "branch": null,
          "revision": "3221c3f10466131712bc1174c3d942539c50c8c8",
          "version": "1.1.0"
        }
      }
    ]
  },
  "version": 1
}
