// !$*UTF8*$!
{
	archiveVersion = 1;
	classes = {
	};
	objectVersion = 51;
	objects = {

/* Begin PBXBuildFile section */
		6CC050A8FC3C193023910762 /* Pods_RavelinEncryptDemoPods.framework in Frameworks */ = {isa = PBXBuildFile; fileRef = 7DB8438E11C69E504CA5829F /* Pods_RavelinEncryptDemoPods.framework */; };
		C8C2DA072671F91300115160 /* AppDelegate.swift in Sources */ = {isa = PBXBuildFile; fileRef = C8C2DA062671F91300115160 /* AppDelegate.swift */; };
		C8C2DA0B2671F91300115160 /* ViewController.swift in Sources */ = {isa = PBXBuildFile; fileRef = C8C2DA0A2671F91300115160 /* ViewController.swift */; };
		C8C2DA0E2671F91300115160 /* Main.storyboard in Resources */ = {isa = PBXBuildFile; fileRef = C8C2DA0C2671F91300115160 /* Main.storyboard */; };
		C8C2DA102671F91600115160 /* Assets.xcassets in Resources */ = {isa = PBXBuildFile; fileRef = C8C2DA0F2671F91600115160 /* Assets.xcassets */; };
		C8C2DA132671F91600115160 /* LaunchScreen.storyboard in Resources */ = {isa = PBXBuildFile; fileRef = C8C2DA112671F91600115160 /* LaunchScreen.storyboard */; };
		C8C2DA1C2672026D00115160 /* UseRavelin.swift in Sources */ = {isa = PBXBuildFile; fileRef = C8C2DA1B2672026D00115160 /* UseRavelin.swift */; };
/* End PBXBuildFile section */

/* Begin PBXFileReference section */
		3C849F94D7531DB4DDFB0133 /* Pods-RavelinEncryptDemoPods.release.xcconfig */ = {isa = PBXFileReference; includeInIndex = 1; lastKnownFileType = text.xcconfig; name = "Pods-RavelinEncryptDemoPods.release.xcconfig"; path = "Target Support Files/Pods-RavelinEncryptDemoPods/Pods-RavelinEncryptDemoPods.release.xcconfig"; sourceTree = "<group>"; };
		547189777C1F28F0161FA8CA /* Pods-RavelinEncryptDemoPods.debug.xcconfig */ = {isa = PBXFileReference; includeInIndex = 1; lastKnownFileType = text.xcconfig; name = "Pods-RavelinEncryptDemoPods.debug.xcconfig"; path = "Target Support Files/Pods-RavelinEncryptDemoPods/Pods-RavelinEncryptDemoPods.debug.xcconfig"; sourceTree = "<group>"; };
		7DB8438E11C69E504CA5829F /* Pods_RavelinEncryptDemoPods.framework */ = {isa = PBXFileReference; explicitFileType = wrapper.framework; includeInIndex = 0; path = Pods_RavelinEncryptDemoPods.framework; sourceTree = BUILT_PRODUCTS_DIR; };
		C8C2DA032671F91300115160 /* RavelinEncryptDemoPods.app */ = {isa = PBXFileReference; explicitFileType = wrapper.application; includeInIndex = 0; path = RavelinEncryptDemoPods.app; sourceTree = BUILT_PRODUCTS_DIR; };
		C8C2DA062671F91300115160 /* AppDelegate.swift */ = {isa = PBXFileReference; lastKnownFileType = sourcecode.swift; path = AppDelegate.swift; sourceTree = "<group>"; };
		C8C2DA0A2671F91300115160 /* ViewController.swift */ = {isa = PBXFileReference; lastKnownFileType = sourcecode.swift; path = ViewController.swift; sourceTree = "<group>"; };
		C8C2DA0D2671F91300115160 /* Base */ = {isa = PBXFileReference; lastKnownFileType = file.storyboard; name = Base; path = Base.lproj/Main.storyboard; sourceTree = "<group>"; };
		C8C2DA0F2671F91600115160 /* Assets.xcassets */ = {isa = PBXFileReference; lastKnownFileType = folder.assetcatalog; path = Assets.xcassets; sourceTree = "<group>"; };
		C8C2DA122671F91600115160 /* Base */ = {isa = PBXFileReference; lastKnownFileType = file.storyboard; name = Base; path = Base.lproj/LaunchScreen.storyboard; sourceTree = "<group>"; };
		C8C2DA142671F91600115160 /* Info.plist */ = {isa = PBXFileReference; lastKnownFileType = text.plist.xml; path = Info.plist; sourceTree = "<group>"; };
		C8C2DA1B2672026D00115160 /* UseRavelin.swift */ = {isa = PBXFileReference; fileEncoding = 4; lastKnownFileType = sourcecode.swift; path = UseRavelin.swift; sourceTree = "<group>"; };
/* End PBXFileReference section */

/* Begin PBXFrameworksBuildPhase section */
		C8C2DA002671F91300115160 /* Frameworks */ = {
			isa = PBXFrameworksBuildPhase;
			buildActionMask = 2147483647;
			files = (
				6CC050A8FC3C193023910762 /* Pods_RavelinEncryptDemoPods.framework in Frameworks */,
			);
			runOnlyForDeploymentPostprocessing = 0;
		};
/* End PBXFrameworksBuildPhase section */

/* Begin PBXGroup section */
		C8C2D9FA2671F91300115160 = {
			isa = PBXGroup;
			children = (
				C8C2DA1A2672026D00115160 /* Shared */,
				C8C2DA052671F91300115160 /* RavelinEncryptDemoPods */,
				C8C2DA042671F91300115160 /* Products */,
				F7F794A89A1F7B95A19F36FE /* Pods */,
				FD06120A4450808F1ED4BB3F /* Frameworks */,
			);
			sourceTree = "<group>";
		};
		C8C2DA042671F91300115160 /* Products */ = {
			isa = PBXGroup;
			children = (
				C8C2DA032671F91300115160 /* RavelinEncryptDemoPods.app */,
			);
			name = Products;
			sourceTree = "<group>";
		};
		C8C2DA052671F91300115160 /* RavelinEncryptDemoPods */ = {
			isa = PBXGroup;
			children = (
				C8C2DA062671F91300115160 /* AppDelegate.swift */,
				C8C2DA0A2671F91300115160 /* ViewController.swift */,
				C8C2DA0C2671F91300115160 /* Main.storyboard */,
				C8C2DA0F2671F91600115160 /* Assets.xcassets */,
				C8C2DA112671F91600115160 /* LaunchScreen.storyboard */,
				C8C2DA142671F91600115160 /* Info.plist */,
			);
			path = RavelinEncryptDemoPods;
			sourceTree = "<group>";
		};
		C8C2DA1A2672026D00115160 /* Shared */ = {
			isa = PBXGroup;
			children = (
				C8C2DA1B2672026D00115160 /* UseRavelin.swift */,
			);
			name = Shared;
			path = ../Shared;
			sourceTree = "<group>";
		};
		F7F794A89A1F7B95A19F36FE /* Pods */ = {
			isa = PBXGroup;
			children = (
				547189777C1F28F0161FA8CA /* Pods-RavelinEncryptDemoPods.debug.xcconfig */,
				3C849F94D7531DB4DDFB0133 /* Pods-RavelinEncryptDemoPods.release.xcconfig */,
			);
			path = Pods;
			sourceTree = "<group>";
		};
		FD06120A4450808F1ED4BB3F /* Frameworks */ = {
			isa = PBXGroup;
			children = (
				7DB8438E11C69E504CA5829F /* Pods_RavelinEncryptDemoPods.framework */,
			);
			name = Frameworks;
			sourceTree = "<group>";
		};
/* End PBXGroup section */

/* Begin PBXNativeTarget section */
		C8C2DA022671F91300115160 /* RavelinEncryptDemoPods */ = {
			isa = PBXNativeTarget;
			buildConfigurationList = C8C2DA172671F91600115160 /* Build configuration list for PBXNativeTarget "RavelinEncryptDemoPods" */;
			buildPhases = (
				20A1DF7281595DB7A8D3E4D6 /* [CP] Check Pods Manifest.lock */,
				C8C2D9FF2671F91300115160 /* Sources */,
				C8C2DA002671F91300115160 /* Frameworks */,
				C8C2DA012671F91300115160 /* Resources */,
				F288B166E77BE124EA8D965E /* [CP] Embed Pods Frameworks */,
			);
			buildRules = (
			);
			dependencies = (
			);
			name = RavelinEncryptDemoPods;
			productName = RavelinCoreDemoPods;
			productReference = C8C2DA032671F91300115160 /* RavelinEncryptDemoPods.app */;
			productType = "com.apple.product-type.application";
		};
/* End PBXNativeTarget section */

/* Begin PBXProject section */
		C8C2D9FB2671F91300115160 /* Project object */ = {
			isa = PBXProject;
			attributes = {
				LastSwiftUpdateCheck = 1250;
				LastUpgradeCheck = 1250;
				ORGANIZATIONNAME = Ravelin;
				TargetAttributes = {
					C8C2DA022671F91300115160 = {
						CreatedOnToolsVersion = 12.5;
					};
				};
			};
			buildConfigurationList = C8C2D9FE2671F91300115160 /* Build configuration list for PBXProject "RavelinEncryptDemoPods" */;
			compatibilityVersion = "Xcode 9.3";
			developmentRegion = en;
			hasScannedForEncodings = 0;
			knownRegions = (
				en,
				Base,
			);
			mainGroup = C8C2D9FA2671F91300115160;
			productRefGroup = C8C2DA042671F91300115160 /* Products */;
			projectDirPath = "";
			projectRoot = "";
			targets = (
				C8C2DA022671F91300115160 /* RavelinEncryptDemoPods */,
			);
		};
/* End PBXProject section */

/* Begin PBXResourcesBuildPhase section */
		C8C2DA012671F91300115160 /* Resources */ = {
			isa = PBXResourcesBuildPhase;
			buildActionMask = 2147483647;
			files = (
				C8C2DA132671F91600115160 /* LaunchScreen.storyboard in Resources */,
				C8C2DA102671F91600115160 /* Assets.xcassets in Resources */,
				C8C2DA0E2671F91300115160 /* Main.storyboard in Resources */,
			);
			runOnlyForDeploymentPostprocessing = 0;
		};
/* End PBXResourcesBuildPhase section */

/* Begin PBXShellScriptBuildPhase section */
		20A1DF7281595DB7A8D3E4D6 /* [CP] Check Pods Manifest.lock */ = {
			isa = PBXShellScriptBuildPhase;
			buildActionMask = 2147483647;
			files = (
			);
			inputFileListPaths = (
			);
			inputPaths = (
				"${PODS_PODFILE_DIR_PATH}/Podfile.lock",
				"${PODS_ROOT}/Manifest.lock",
			);
			name = "[CP] Check Pods Manifest.lock";
			outputFileListPaths = (
			);
			outputPaths = (
				"$(DERIVED_FILE_DIR)/Pods-RavelinEncryptDemoPods-checkManifestLockResult.txt",
			);
			runOnlyForDeploymentPostprocessing = 0;
			shellPath = /bin/sh;
			shellScript = "diff \"${PODS_PODFILE_DIR_PATH}/Podfile.lock\" \"${PODS_ROOT}/Manifest.lock\" > /dev/null\nif [ $? != 0 ] ; then\n    # print error to STDERR\n    echo \"error: The sandbox is not in sync with the Podfile.lock. Run 'pod install' or update your CocoaPods installation.\" >&2\n    exit 1\nfi\n# This output is used by Xcode 'outputs' to avoid re-running this script phase.\necho \"SUCCESS\" > \"${SCRIPT_OUTPUT_FILE_0}\"\n";
			showEnvVarsInLog = 0;
		};
		F288B166E77BE124EA8D965E /* [CP] Embed Pods Frameworks */ = {
			isa = PBXShellScriptBuildPhase;
			buildActionMask = 2147483647;
			files = (
			);
			inputFileListPaths = (
				"${PODS_ROOT}/Target Support Files/Pods-RavelinEncryptDemoPods/Pods-RavelinEncryptDemoPods-frameworks-${CONFIGURATION}-input-files.xcfilelist",
			);
			name = "[CP] Embed Pods Frameworks";
			outputFileListPaths = (
				"${PODS_ROOT}/Target Support Files/Pods-RavelinEncryptDemoPods/Pods-RavelinEncryptDemoPods-frameworks-${CONFIGURATION}-output-files.xcfilelist",
			);
			runOnlyForDeploymentPostprocessing = 0;
			shellPath = /bin/sh;
			shellScript = "\"${PODS_ROOT}/Target Support Files/Pods-RavelinEncryptDemoPods/Pods-RavelinEncryptDemoPods-frameworks.sh\"\n";
			showEnvVarsInLog = 0;
		};
/* End PBXShellScriptBuildPhase section */

/* Begin PBXSourcesBuildPhase section */
		C8C2D9FF2671F91300115160 /* Sources */ = {
			isa = PBXSourcesBuildPhase;
			buildActionMask = 2147483647;
			files = (
				C8C2DA1C2672026D00115160 /* UseRavelin.swift in Sources */,
				C8C2DA0B2671F91300115160 /* ViewController.swift in Sources */,
				C8C2DA072671F91300115160 /* AppDelegate.swift in Sources */,
			);
			runOnlyForDeploymentPostprocessing = 0;
		};
/* End PBXSourcesBuildPhase section */

/* Begin PBXVariantGroup section */
		C8C2DA0C2671F91300115160 /* Main.storyboard */ = {
			isa = PBXVariantGroup;
			children = (
				C8C2DA0D2671F91300115160 /* Base */,
			);
			name = Main.storyboard;
			sourceTree = "<group>";
		};
		C8C2DA112671F91600115160 /* LaunchScreen.storyboard */ = {
			isa = PBXVariantGroup;
			children = (
				C8C2DA122671F91600115160 /* Base */,
			);
			name = LaunchScreen.storyboard;
			sourceTree = "<group>";
		};
/* End PBXVariantGroup section */

/* Begin XCBuildConfiguration section */
		C8C2DA152671F91600115160 /* Debug */ = {
			isa = XCBuildConfiguration;
			buildSettings = {
				ALWAYS_SEARCH_USER_PATHS = NO;
				CLANG_ANALYZER_NONNULL = YES;
				CLANG_ANALYZER_NUMBER_OBJECT_CONVERSION = YES_AGGRESSIVE;
				CLANG_CXX_LANGUAGE_STANDARD = "gnu++14";
				CLANG_CXX_LIBRARY = "libc++";
				CLANG_ENABLE_MODULES = YES;
				CLANG_ENABLE_OBJC_ARC = YES;
				CLANG_ENABLE_OBJC_WEAK = YES;
				CLANG_WARN_BLOCK_CAPTURE_AUTORELEASING = YES;
				CLANG_WARN_BOOL_CONVERSION = YES;
				CLANG_WARN_COMMA = YES;
				CLANG_WARN_CONSTANT_CONVERSION = YES;
				CLANG_WARN_DEPRECATED_OBJC_IMPLEMENTATIONS = YES;
				CLANG_WARN_DIRECT_OBJC_ISA_USAGE = YES_ERROR;
				CLANG_WARN_DOCUMENTATION_COMMENTS = YES;
				CLANG_WARN_EMPTY_BODY = YES;
				CLANG_WARN_ENUM_CONVERSION = YES;
				CLANG_WARN_INFINITE_RECURSION = YES;
				CLANG_WARN_INT_CONVERSION = YES;
				CLANG_WARN_NON_LITERAL_NULL_CONVERSION = YES;
				CLANG_WARN_OBJC_IMPLICIT_RETAIN_SELF = YES;
				CLANG_WARN_OBJC_LITERAL_CONVERSION = YES;
				CLANG_WARN_OBJC_ROOT_CLASS = YES_ERROR;
				CLANG_WARN_QUOTED_INCLUDE_IN_FRAMEWORK_HEADER = YES;
				CLANG_WARN_RANGE_LOOP_ANALYSIS = YES;
				CLANG_WARN_STRICT_PROTOTYPES = YES;
				CLANG_WARN_SUSPICIOUS_MOVE = YES;
				CLANG_WARN_UNGUARDED_AVAILABILITY = YES_AGGRESSIVE;
				CLANG_WARN_UNREACHABLE_CODE = YES;
				CLANG_WARN__DUPLICATE_METHOD_MATCH = YES;
				COPY_PHASE_STRIP = NO;
				DEBUG_INFORMATION_FORMAT = dwarf;
				ENABLE_STRICT_OBJC_MSGSEND = YES;
				ENABLE_TESTABILITY = YES;
				GCC_C_LANGUAGE_STANDARD = gnu11;
				GCC_DYNAMIC_NO_PIC = NO;
				GCC_NO_COMMON_BLOCKS = YES;
				GCC_OPTIMIZATION_LEVEL = 0;
				GCC_PREPROCESSOR_DEFINITIONS = (
					"DEBUG=1",
					"$(inherited)",
				);
				GCC_WARN_64_TO_32_BIT_CONVERSION = YES;
				GCC_WARN_ABOUT_RETURN_TYPE = YES_ERROR;
				GCC_WARN_UNDECLARED_SELECTOR = YES;
				GCC_WARN_UNINITIALIZED_AUTOS = YES_AGGRESSIVE;
				GCC_WARN_UNUSED_FUNCTION = YES;
				GCC_WARN_UNUSED_VARIABLE = YES;
				IPHONEOS_DEPLOYMENT_TARGET = 10.0;
				MTL_ENABLE_DEBUG_INFO = INCLUDE_SOURCE;
				MTL_FAST_MATH = YES;
				ONLY_ACTIVE_ARCH = YES;
				SDKROOT = iphoneos;
				SWIFT_ACTIVE_COMPILATION_CONDITIONS = DEBUG;
				SWIFT_OPTIMIZATION_LEVEL = "-Onone";
			};
			name = Debug;
		};
		C8C2DA162671F91600115160 /* Release */ = {
			isa = XCBuildConfiguration;
			buildSettings = {
				ALWAYS_SEARCH_USER_PATHS = NO;
				CLANG_ANALYZER_NONNULL = YES;
				CLANG_ANALYZER_NUMBER_OBJECT_CONVERSION = YES_AGGRESSIVE;
				CLANG_CXX_LANGUAGE_STANDARD = "gnu++14";
				CLANG_CXX_LIBRARY = "libc++";
				CLANG_ENABLE_MODULES = YES;
				CLANG_ENABLE_OBJC_ARC = YES;
				CLANG_ENABLE_OBJC_WEAK = YES;
				CLANG_WARN_BLOCK_CAPTURE_AUTORELEASING = YES;
				CLANG_WARN_BOOL_CONVERSION = YES;
				CLANG_WARN_COMMA = YES;
				CLANG_WARN_CONSTANT_CONVERSION = YES;
				CLANG_WARN_DEPRECATED_OBJC_IMPLEMENTATIONS = YES;
				CLANG_WARN_DIRECT_OBJC_ISA_USAGE = YES_ERROR;
				CLANG_WARN_DOCUMENTATION_COMMENTS = YES;
				CLANG_WARN_EMPTY_BODY = YES;
				CLANG_WARN_ENUM_CONVERSION = YES;
				CLANG_WARN_INFINITE_RECURSION = YES;
				CLANG_WARN_INT_CONVERSION = YES;
				CLANG_WARN_NON_LITERAL_NULL_CONVERSION = YES;
				CLANG_WARN_OBJC_IMPLICIT_RETAIN_SELF = YES;
				CLANG_WARN_OBJC_LITERAL_CONVERSION = YES;
				CLANG_WARN_OBJC_ROOT_CLASS = YES_ERROR;
				CLANG_WARN_QUOTED_INCLUDE_IN_FRAMEWORK_HEADER = YES;
				CLANG_WARN_RANGE_LOOP_ANALYSIS = YES;
				CLANG_WARN_STRICT_PROTOTYPES = YES;
				CLANG_WARN_SUSPICIOUS_MOVE = YES;
				CLANG_WARN_UNGUARDED_AVAILABILITY = YES_AGGRESSIVE;
				CLANG_WARN_UNREACHABLE_CODE = YES;
				CLANG_WARN__DUPLICATE_METHOD_MATCH = YES;
				COPY_PHASE_STRIP = NO;
				DEBUG_INFORMATION_FORMAT = "dwarf-with-dsym";
				ENABLE_NS_ASSERTIONS = NO;
				ENABLE_STRICT_OBJC_MSGSEND = YES;
				GCC_C_LANGUAGE_STANDARD = gnu11;
				GCC_NO_COMMON_BLOCKS = YES;
				GCC_WARN_64_TO_32_BIT_CONVERSION = YES;
				GCC_WARN_ABOUT_RETURN_TYPE = YES_ERROR;
				GCC_WARN_UNDECLARED_SELECTOR = YES;
				GCC_WARN_UNINITIALIZED_AUTOS = YES_AGGRESSIVE;
				GCC_WARN_UNUSED_FUNCTION = YES;
				GCC_WARN_UNUSED_VARIABLE = YES;
				IPHONEOS_DEPLOYMENT_TARGET = 10.0;
				MTL_ENABLE_DEBUG_INFO = NO;
				MTL_FAST_MATH = YES;
				SDKROOT = iphoneos;
				SWIFT_COMPILATION_MODE = wholemodule;
				SWIFT_OPTIMIZATION_LEVEL = "-O";
				VALIDATE_PRODUCT = YES;
			};
			name = Release;
		};
		C8C2DA182671F91600115160 /* Debug */ = {
			isa = XCBuildConfiguration;
			baseConfigurationReference = 547189777C1F28F0161FA8CA /* Pods-RavelinEncryptDemoPods.debug.xcconfig */;
			buildSettings = {
				ASSETCATALOG_COMPILER_APPICON_NAME = AppIcon;
				ASSETCATALOG_COMPILER_GLOBAL_ACCENT_COLOR_NAME = AccentColor;
				CODE_SIGN_STYLE = Automatic;
				DEVELOPMENT_TEAM = 8SLW46D7RN;
				EXCLUDED_ARCHS = "";
				INFOPLIST_FILE = RavelinEncryptDemoPods/Info.plist;
				LD_RUNPATH_SEARCH_PATHS = (
					"$(inherited)",
					"@executable_path/Frameworks",
				);
				PRODUCT_BUNDLE_IDENTIFIER = com.ravelin.RavelinEncryptDemoPods;
				PRODUCT_NAME = "$(TARGET_NAME)";
				SWIFT_VERSION = 5.0;
				TARGETED_DEVICE_FAMILY = "1,2";
				VALIDATE_WORKSPACE = YES;
			};
			name = Debug;
		};
		C8C2DA192671F91600115160 /* Release */ = {
			isa = XCBuildConfiguration;
			baseConfigurationReference = 3C849F94D7531DB4DDFB0133 /* Pods-RavelinEncryptDemoPods.release.xcconfig */;
			buildSettings = {
				ASSETCATALOG_COMPILER_APPICON_NAME = AppIcon;
				ASSETCATALOG_COMPILER_GLOBAL_ACCENT_COLOR_NAME = AccentColor;
				CODE_SIGN_STYLE = Automatic;
				DEVELOPMENT_TEAM = 8SLW46D7RN;
				EXCLUDED_ARCHS = "";
				INFOPLIST_FILE = RavelinEncryptDemoPods/Info.plist;
				LD_RUNPATH_SEARCH_PATHS = (
					"$(inherited)",
					"@executable_path/Frameworks",
				);
				PRODUCT_BUNDLE_IDENTIFIER = com.ravelin.RavelinEncryptDemoPods;
				PRODUCT_NAME = "$(TARGET_NAME)";
				SWIFT_VERSION = 5.0;
				TARGETED_DEVICE_FAMILY = "1,2";
				VALIDATE_WORKSPACE = YES;
			};
			name = Release;
		};
/* End XCBuildConfiguration section */

/* Begin XCConfigurationList section */
		C8C2D9FE2671F91300115160 /* Build configuration list for PBXProject "RavelinEncryptDemoPods" */ = {
			isa = XCConfigurationList;
			buildConfigurations = (
				C8C2DA152671F91600115160 /* Debug */,
				C8C2DA162671F91600115160 /* Release */,
			);
			defaultConfigurationIsVisible = 0;
			defaultConfigurationName = Release;
		};
		C8C2DA172671F91600115160 /* Build configuration list for PBXNativeTarget "RavelinEncryptDemoPods" */ = {
			isa = XCConfigurationList;
			buildConfigurations = (
				C8C2DA182671F91600115160 /* Debug */,
				C8C2DA192671F91600115160 /* Release */,
			);
			defaultConfigurationIsVisible = 0;
			defaultConfigurationName = Release;
		};
/* End XCConfigurationList section */
	};
	rootObject = C8C2D9FB2671F91300115160 /* Project object */;
}
